<?xml version="1.0" encoding="UTF-8"?>
<Scheme
   version = "1.3">
   <BuildAction>
      <BuildActionEntries>
         <BuildActionEntry
            buildForRunning = "YES"
            buildForTesting = "YES">
            <BuildableReference
               BuildableIdentifier = "primary"
               BlueprintIdentifier = "47200581208A1A6E00D9639F"
               BuildableName = "TodoUITests.xctest"
               BlueprintName = "TodoUITests"
               ReferencedContainer = "container:Todo.xcodeproj">
            </BuildableReference>
         </BuildActionEntry>
      </BuildActionEntries>
   </BuildAction>
   <TestAction
      buildConfiguration = "Debug">
      <Testables>
         <TestableReference>
            <BuildableReference
               BuildableIdentifier = "primary"
               BlueprintIdentifier = "47200581208A1A6E00D9639F"
               BuildableName = "TodoUITests.xctest"
               BlueprintName = "TodoUITests"
               ReferencedContainer = "container:Todo.xcodeproj">
            </BuildableReference>
         </TestableReference>
      </Testables>
   </TestAction>
   <LaunchAction
      useCustomWorkingDirectory = "NO"
      allowLocationSimulation = "YES">
   </LaunchAction>
</Scheme>
